Microsoft Visual Studio Solution File, Format Version 11.00
# Visual Studio 2008

Project("{0919A3EE-F457-1000-67AE-4E508CC82062}") = "Unity-WWW-wrapper", "Assembly-CSharp.csproj", "{F619DC04-3D81-FFA1-05EF-AD84B092B90B}"
EndProject
Global
	GlobalSection(SolutionConfigurationPlatforms) = preSolution
		Debug|Any CPU = Debug|Any CPU
		Release|Any CPU = Release|Any CPU
	EndGlobalSection
	GlobalSection(ProjectConfigurationPlatforms) = postSolution
		{F619DC04-3D81-FFA1-05EF-AD84B092B90B}.Debug|Any CPU.ActiveCfg = Debug|Any CPU
		{F619DC04-3D81-FFA1-05EF-AD84B092B90B}.Debug|Any CPU.Build.0 = Debug|Any CPU
		{F619DC04-3D81-FFA1-05EF-AD84B092B90B}.Release|Any CPU.ActiveCfg = Release|Any CPU
		{F619DC04-3D81-FFA1-05EF-AD84B092B90B}.Release|Any CPU.Build.0 = Release|Any CPU
	EndGlobalSection
	GlobalSection(SolutionProperties) = preSolution
		HideSolutionNode = FALSE
	EndGlobalSection
		GlobalSection(MonoDevelopProperties) = preSolution
		StartupItem = Assembly-CSharp.csproj
		Policies = $0
		$0.TextStylePolicy = $1
		$1.inheritsSet = null
		$1.scope = text/x-csharp
		$0.CSharpFormattingPolicy = $2
		$2.inheritsSet = Mono
		$2.inheritsScope = text/x-csharp
		$2.scope = text/x-csharp
		$0.TextStylePolicy = $3
		$3.FileWidth = 120
		$3.TabWidth = 4
		$3.IndentWidth = 4
		$3.EolMarker = Unix
		$3.inheritsSet = Mono
		$3.inheritsScope = text/plain
		$3.scope = text/plain
	EndGlobalSection

EndGlobal
